
Microsoft Visual Studio Solution File, Format Version 12.00
# Visual Studio Version 16
VisualStudioVersion = 16.0.30204.135
MinimumVisualStudioVersion = 10.0.40219.1
Project("{FAE04EC0-301F-11D3-BF4B-00C04F79EFBC}") = "website-ban-dong-ho", "website-ban-dong-ho\website-ban-dong-ho.csproj", "{D74F962E-3A9A-4FE6-8394-B9D6F7F86089}"
EndProject
Global
	GlobalSection(SolutionConfigurationPlatforms) = preSolution
		Debug|Any CPU = Debug|Any CPU
		Release|Any CPU = Release|Any CPU
	EndGlobalSection
	GlobalSection(ProjectConfigurationPlatforms) = postSolution
		{D74F962E-3A9A-4FE6-8394-B9D6F7F86089}.Debug|Any CPU.ActiveCfg = Debug|Any CPU
		{D74F962E-3A9A-4FE6-8394-B9D6F7F86089}.Debug|Any CPU.Build.0 = Debug|Any CPU
		{D74F962E-3A9A-4FE6-8394-B9D6F7F86089}.Release|Any CPU.ActiveCfg = Release|Any CPU
		{D74F962E-3A9A-4FE6-8394-B9D6F7F86089}.Release|Any CPU.Build.0 = Release|Any CPU
	EndGlobalSection
	GlobalSection(SolutionProperties) = preSolution
		HideSolutionNode = FALSE
	EndGlobalSection
	GlobalSection(ExtensibilityGlobals) = postSolution
		SolutionGuid = {BBAE8D51-1AB7-4F0F-8990-8D22066D305A}
	EndGlobalSection
EndGlobal
